
Microsoft Visual Studio Solution File, Format Version 12.00
# Visual Studio Version 16
VisualStudioVersion = 16.0.31515.178
MinimumVisualStudioVersion = 10.0.40219.1
Project("{9A19103F-16F7-4668-BE54-9A1E7A4F7556}") = "WPFApp", "WPFApp\WPFApp.csproj", "{051482F2-097C-46BC-82BC-8696C97FAA0E}"
EndProject
Project("{FAE04EC0-301F-11D3-BF4B-00C04F79EFBC}") = "TestProject1", "TestProject1\TestProject1.csproj", "{24FEEC4C-D589-46E4-B8DF-43D50EDC36D7}"
EndProject
Global
	GlobalSection(SolutionConfigurationPlatforms) = preSolution
		Debug|Any CPU = Debug|Any CPU
		Release|Any CPU = Release|Any CPU
	EndGlobalSection
	GlobalSection(ProjectConfigurationPlatforms) = postSolution
		{051482F2-097C-46BC-82BC-8696C97FAA0E}.Debug|Any CPU.ActiveCfg = Debug|Any CPU
		{051482F2-097C-46BC-82BC-8696C97FAA0E}.Debug|Any CPU.Build.0 = Debug|Any CPU
		{051482F2-097C-46BC-82BC-8696C97FAA0E}.Release|Any CPU.ActiveCfg = Release|Any CPU
		{051482F2-097C-46BC-82BC-8696C97FAA0E}.Release|Any CPU.Build.0 = Release|Any CPU
		{24FEEC4C-D589-46E4-B8DF-43D50EDC36D7}.Debug|Any CPU.ActiveCfg = Debug|Any CPU
		{24FEEC4C-D589-46E4-B8DF-43D50EDC36D7}.Debug|Any CPU.Build.0 = Debug|Any CPU
		{24FEEC4C-D589-46E4-B8DF-43D50EDC36D7}.Release|Any CPU.ActiveCfg = Release|Any CPU
		{24FEEC4C-D589-46E4-B8DF-43D50EDC36D7}.Release|Any CPU.Build.0 = Release|Any CPU
	EndGlobalSection
	GlobalSection(SolutionProperties) = preSolution
		HideSolutionNode = FALSE
	EndGlobalSection
	GlobalSection(ExtensibilityGlobals) = postSolution
		SolutionGuid = {F0BDF32D-6432-425E-AFC4-BB3F9FD617A0}
	EndGlobalSection
EndGlobal
